Microsoft Visual Studio Solution File, Format Version 12.00
# Visual Studio Version 18
VisualStudioVersion = 18.4.11605.240
MinimumVisualStudioVersion = 10.0.40219.1
Project("{2150E333-8FDC-42A3-9474-1A3956D46DE8}") = "src", "src", "{636D6E2B-E65E-4760-B59B-3C3FECF6B3E8}"
EndProject
Project("{9A19103F-16F7-4668-BE54-9A1E7A4F7556}") = "VirtoCommerce.SolutionArchitectureMap.Web", "src\VirtoCommerce.SolutionArchitectureMap.Web\VirtoCommerce.SolutionArchitectureMap.Web.csproj", "{8C47B78E-07AF-4588-8051-820127F2025C}"
EndProject
Project("{9A19103F-16F7-4668-BE54-9A1E7A4F7556}") = "VirtoCommerce.SolutionArchitectureMap.Data", "src\VirtoCommerce.SolutionArchitectureMap.Data\VirtoCommerce.SolutionArchitectureMap.Data.csproj", "{119EEB2A-99D7-4F66-9619-5EE111519470}"
EndProject
Project("{9A19103F-16F7-4668-BE54-9A1E7A4F7556}") = "VirtoCommerce.SolutionArchitectureMap.Core", "src\VirtoCommerce.SolutionArchitectureMap.Core\VirtoCommerce.SolutionArchitectureMap.Core.csproj", "{C55CEA1A-7C72-4471-A2A4-DD6B475CB47D}"
EndProject
Project("{2150E333-8FDC-42A3-9474-1A3956D46DE8}") = "tests", "tests", "{F32975A6-64BE-4C88-8669-4E62E1870EC4}"
EndProject
Project("{9A19103F-16F7-4668-BE54-9A1E7A4F7556}") = "VirtoCommerce.SolutionArchitectureMap.Tests", "tests\VirtoCommerce.SolutionArchitectureMap.Tests\VirtoCommerce.SolutionArchitectureMap.Tests.csproj", "{D00D5293-32F0-4B90-A878-71C8E2EB8AF7}"
EndProject
Project("{2150E333-8FDC-42A3-9474-1A3956D46DE8}") = "Solution Items", "Solution Items", "{0A069FCC-0E96-4231-8B6C-9909C4023CA0}"
	ProjectSection(SolutionItems) = preProject
		.editorconfig = .editorconfig
		.gitignore = .gitignore
		Directory.Build.props = Directory.Build.props
		LICENSE = LICENSE
		module.ignore = module.ignore
		README.md = README.md
		VirtoCommerce.SolutionArchitectureMap.sln.DotSettings = VirtoCommerce.SolutionArchitectureMap.sln.DotSettings
	EndProjectSection
EndProject
Global
	GlobalSection(SolutionConfigurationPlatforms) = preSolution
		Debug|Any CPU = Debug|Any CPU
		Release|Any CPU = Release|Any CPU
	EndGlobalSection
	GlobalSection(ProjectConfigurationPlatforms) = postSolution
		{8C47B78E-07AF-4588-8051-820127F2025C}.Debug|Any CPU.ActiveCfg = Debug|Any CPU
		{8C47B78E-07AF-4588-8051-820127F2025C}.Debug|Any CPU.Build.0 = Debug|Any CPU
		{8C47B78E-07AF-4588-8051-820127F2025C}.Release|Any CPU.ActiveCfg = Release|Any CPU
		{8C47B78E-07AF-4588-8051-820127F2025C}.Release|Any CPU.Build.0 = Release|Any CPU
		{119EEB2A-99D7-4F66-9619-5EE111519470}.Debug|Any CPU.ActiveCfg = Debug|Any CPU
		{119EEB2A-99D7-4F66-9619-5EE111519470}.Debug|Any CPU.Build.0 = Debug|Any CPU
		{119EEB2A-99D7-4F66-9619-5EE111519470}.Release|Any CPU.ActiveCfg = Release|Any CPU
		{119EEB2A-99D7-4F66-9619-5EE111519470}.Release|Any CPU.Build.0 = Release|Any CPU
		{C55CEA1A-7C72-4471-A2A4-DD6B475CB47D}.Debug|Any CPU.ActiveCfg = Debug|Any CPU
		{C55CEA1A-7C72-4471-A2A4-DD6B475CB47D}.Debug|Any CPU.Build.0 = Debug|Any CPU
		{C55CEA1A-7C72-4471-A2A4-DD6B475CB47D}.Release|Any CPU.ActiveCfg = Release|Any CPU
		{C55CEA1A-7C72-4471-A2A4-DD6B475CB47D}.Release|Any CPU.Build.0 = Release|Any CPU
		{D00D5293-32F0-4B90-A878-71C8E2EB8AF7}.Debug|Any CPU.ActiveCfg = Debug|Any CPU
		{D00D5293-32F0-4B90-A878-71C8E2EB8AF7}.Debug|Any CPU.Build.0 = Debug|Any CPU
		{D00D5293-32F0-4B90-A878-71C8E2EB8AF7}.Release|Any CPU.ActiveCfg = Release|Any CPU
		{D00D5293-32F0-4B90-A878-71C8E2EB8AF7}.Release|Any CPU.Build.0 = Release|Any CPU
	EndGlobalSection
	GlobalSection(SolutionProperties) = preSolution
		HideSolutionNode = FALSE
	EndGlobalSection
	GlobalSection(NestedProjects) = preSolution
		{8C47B78E-07AF-4588-8051-820127F2025C} = {636D6E2B-E65E-4760-B59B-3C3FECF6B3E8}
		{119EEB2A-99D7-4F66-9619-5EE111519470} = {636D6E2B-E65E-4760-B59B-3C3FECF6B3E8}
		{C55CEA1A-7C72-4471-A2A4-DD6B475CB47D} = {636D6E2B-E65E-4760-B59B-3C3FECF6B3E8}
		{D00D5293-32F0-4B90-A878-71C8E2EB8AF7} = {F32975A6-64BE-4C88-8669-4E62E1870EC4}
	EndGlobalSection
	GlobalSection(ExtensibilityGlobals) = postSolution
		SolutionGuid = {D0BD2620-300B-482B-BDA8-BBAD7594F90F}
	EndGlobalSection
EndGlobal
